# THIS IS AN AUTOGENERATED FILE. DO NOT EDIT THIS FILE DIRECTLY.
# yarn lockfile v1


"@types/estree@^0.0.46":
  version "0.0.46"
  resolved "https://registry.yarnpkg.com/@types/estree/-/estree-0.0.46.tgz#0fb6bfbbeabd7a30880504993369c4bf1deab1fe"
  integrity sha512-laIjwTQaD+5DukBZaygQ79K1Z0jb1bPEMRrkXSLjtCcZm+abyp5YbrqpSLzD42FwWW6gK/aS4NYpJ804nG2brg==

"@types/node@^17.0.23":
  version "17.0.23"
  resolved "https://registry.npmjs.org/@types/node/-/node-17.0.23.tgz#3b41a6e643589ac6442bdbd7a4a3ded62f33f7da"
  integrity sha512-UxDxWn7dl97rKVeVS61vErvw086aCYhDLyvRQZ5Rk65rZKepaFdm53GeqXaKBuOhED4e9uWq34IC3TdSdJJ2Gw==

acorn@^8.1.0:
  version "8.1.0"
  resolved "https://registry.yarnpkg.com/acorn/-/acorn-8.1.0.tgz#52311fd7037ae119cbb134309e901aa46295b3fe"
  integrity sha512-LWCF/Wn0nfHOmJ9rzQApGnxnvgfROzGilS8936rqN/lfcYkY9MYZzdMqN+2NJ4SlTc+m5HiSa+kNfDtI64dwUA==

colorette@^1.2.2:
  version "1.2.2"
  resolved "https://registry.yarnpkg.com/colorette/-/colorette-1.2.2.tgz#cbcc79d5e99caea2dbf10eb3a26fd8b3e6acfa94"
  integrity sha512-MKGMzyfeuutC/ZJ1cba9NqcNpfeqMUcYmyF1ZFY6/Cn7CNSAKx6a+s48sqLqyAiZuaP2TcqMhoo+dlwFnVxT9w==

es-module-lexer@^0.4.1:
  version "0.4.1"
  resolved "https://registry.yarnpkg.com/es-module-lexer/-/es-module-lexer-0.4.1.tgz#dda8c6a14d8f340a24e34331e0fab0cb50438e0e"
  integrity sha512-ooYciCUtfw6/d2w56UVeqHPcoCFAiJdz5XOkYpv/Txl1HMUozpXjz/2RIQgqwKdXNDPSF1W7mJCFse3G+HDyAA==

esbuild-android-64@0.14.35:
  version "0.14.35"
  resolved "https://registry.npmjs.org/esbuild-android-64/-/esbuild-android-64-0.14.35.tgz#b72b194d264afeb79217b69f228ef856e7914206"
  integrity sha512-R11Eu5NDc5YpbmpXSczxnwrqIsaslE08I+gf/QUVxiuPid5DLQHRWKnkPiSXUgQGPZVjn4aASsAdq8L4uhcyXQ==

esbuild-android-arm64@0.14.35:
  version "0.14.35"
  resolved "https://registry.npmjs.org/esbuild-android-arm64/-/esbuild-android-arm64-0.14.35.tgz#b05b7055baef71e7e790c46daf7783c4cc2cef6a"
  integrity sha512-fOjTdzEvZer2+5xNWP2bUmpWccuHQBm/aPoTqoiLiS3VErvxOpbY2808UUEHHxRJucRxMUxHi+apKUpdj8NBjA==

esbuild-darwin-64@0.14.35:
  version "0.14.35"
  resolved "https://registry.npmjs.org/esbuild-darwin-64/-/esbuild-darwin-64-0.14.35.tgz#b648713752f794afa8af80fe74f4620cf9ba2e48"
  integrity sha512-cN7ejc3Q0+5hFYXSLKd7GfnrY3hEjx/QxYUiU5f8KEJpH1CJsQEl69ALS5WYYrPrlgKHGKusRVKOkK1x20fe6g==

esbuild-darwin-arm64@0.14.35:
  version "0.14.35"
  resolved "https://registry.npmjs.org/esbuild-darwin-arm64/-/esbuild-darwin-arm64-0.14.35.tgz#964c8ac93a65441fe17049bf09983b39a163571e"
  integrity sha512-x4AK8UY14p2AYQNXQ5hd0HNnmcmBjd6bpFkmPmtrm8Khh/HT96JfVa06bYFute25aUOTHgWv5kU/k+JrqDTO2A==

esbuild-freebsd-64@0.14.35:
  version "0.14.35"
  resolved "https://registry.npmjs.org/esbuild-freebsd-64/-/esbuild-freebsd-64-0.14.35.tgz#6b9941dd0e1594d7e19af14b9b5104f699f4999a"
  integrity sha512-S83TQ+LgeQt9n9sc7LVELBlpRzaSWGaMvPHtE/91AxEKBuqx47RhuII60LVUzwfOMXHbgroOuSMqA1D2C+vuxQ==

esbuild-freebsd-arm64@0.14.35:
  version "0.14.35"
  resolved "https://registry.npmjs.org/esbuild-freebsd-arm64/-/esbuild-freebsd-arm64-0.14.35.tgz#da1cd9c11274b3f7f4820cafeb6370d88a08fd16"
  integrity sha512-D7NDa9ZquQkgz6nwH/HJ1E9wvcb4EEWw7L+uY7jGG4N7Z2Y/wWxQ5dH207gp0TsRCXuE9cYN5HfnHwgav7zAdw==

esbuild-linux-32@0.14.35:
  version "0.14.35"
  resolved "https://registry.npmjs.org/esbuild-linux-32/-/esbuild-linux-32-0.14.35.tgz#1c5a12d94a190e229dd0a0a73d6fed7b9676c08c"
  integrity sha512-0/bt6wQzZmBYv+NY9r7OHxPzs5H4ktz0UK/x7iUs5pAEnj+NkdR/uCzhYVFgNRIO/b22O5P0Vs9LIcj0Z5Uc9A==

esbuild-linux-64@0.14.35:
  version "0.14.35"
  resolved "https://registry.npmjs.org/esbuild-linux-64/-/esbuild-linux-64-0.14.35.tgz#90d0192e2455bc64ce3f62359acdfc1ee34ea188"
  integrity sha512-50FLXlOdEfyc9NFR9lavX3W75zJNi5FTEU25EZY87MQlHlUqmoSfd/0BaO2xefcZK9XV7lTPZ+b8Wj/jFRMB2A==

esbuild-linux-arm64@0.14.35:
  version "0.14.35"
  resolved "https://registry.npmjs.org/esbuild-linux-arm64/-/esbuild-linux-arm64-0.14.35.tgz#69920874ffe7a4dcf6382d217cb15fe798c321aa"
  integrity sha512-Kknr+jl0dNVTyuUTczfaXlsmuGKPBZsNNDuUnLMEDi6Y6bi8ccC4QE4nwUDtkGyB1elr6BQYvb78wYhtfPVLew==

esbuild-linux-arm@0.14.35:
  version "0.14.35"
  resolved "https://registry.npmjs.org/esbuild-linux-arm/-/esbuild-linux-arm-0.14.35.tgz#a637e65f0a618bd2a092a831c6320880d90c03af"
  integrity sha512-VIH+bxbk7NM0ZSAeFHOdFWsdVIw2RnrZEG340yFlf7PI9DLUkn0m5+Q8mgZiIZW29VBtpCQ7aiieFo+ZykhoUA==

esbuild-linux-mips64le@0.14.35:
  version "0.14.35"
  resolved "https://registry.npmjs.org/esbuild-linux-mips64le/-/esbuild-linux-mips64le-0.14.35.tgz#144941551c20138d536946650f761561dfe3db91"
  integrity sha512-urTrLRUAbH3e91vu3/20Sc+qCvokgB4gepHk41AkS/nnM1PBSdRl8SKP3TkRXaJjb4LRGu6I2JAxLOmQWGzo/g==

esbuild-linux-ppc64le@0.14.35:
  version "0.14.35"
  resolved "https://registry.npmjs.org/esbuild-linux-ppc64le/-/esbuild-linux-ppc64le-0.14.35.tgz#6a0c90494d482576cc7b86733c2f4a5044e384ed"
  integrity sha512-B98j5OMZQHTw/MnjOQgxYDt+sJfLmvHSI6GhCcf55l11voyyR66SYTBFiz4RvEB1F8V6TQTpHwFhBWo/p5Fq8w==

esbuild-linux-riscv64@0.14.35:
  version "0.14.35"
  resolved "https://registry.npmjs.org/esbuild-linux-riscv64/-/esbuild-linux-riscv64-0.14.35.tgz#56564eb9c4f3b210ff1146ef50315f688b62d88f"
  integrity sha512-SP41XnWjMOK0WcaXKzfcGr0jA5vMoXu36Oe/SeHrdRrffuHr5/5IboLqCKCQeGAjoGRPSgSLTKB7T8ENXQpgCg==

esbuild-linux-s390x@0.14.35:
  version "0.14.35"
  resolved "https://registry.npmjs.org/esbuild-linux-s390x/-/esbuild-linux-s390x-0.14.35.tgz#ef0060e29be1460260733728b4e1be04d72aaff0"
  integrity sha512-H0K7+0i0crGrXul8q0RlOdatputTj299JGSvyhXXSMNCTqNd5hd8JOONS2Fbbgrv2Hu9bwkP57g8X94V8GeyMA==

esbuild-netbsd-64@0.14.35:
  version "0.14.35"
  resolved "https://registry.npmjs.org/esbuild-netbsd-64/-/esbuild-netbsd-64-0.14.35.tgz#164c8b80ac35a5234d0b16f0257ff17b9a39cd6e"
  integrity sha512-Z+DdBPbSWlOgFdXDhpyqDBTy5NKtTjSFwXfjs95BROJYXFu+ciF85bT10Olg3/EywvDDdpfSeGh+ExeOQ3fugA==

esbuild-openbsd-64@0.14.35:
  version "0.14.35"
  resolved "https://registry.npmjs.org/esbuild-openbsd-64/-/esbuild-openbsd-64-0.14.35.tgz#aff91d9fd21155bedc530225156737c89bf27821"
  integrity sha512-uNWRf9p69irg4X2yZ5M5GrPi7+F54+DsmYKBXGTIImtyanSAy0nEH6ejmHD2/uypPrlKFf+U746bMwZFIxy5zw==

esbuild-sunos-64@0.14.35:
  version "0.14.35"
  resolved "https://registry.npmjs.org/esbuild-sunos-64/-/esbuild-sunos-64-0.14.35.tgz#07c3ee0dcdc9c9dba11b48ed25ebef439f9fc635"
  integrity sha512-WwAS084DuK2AHe+9z0DGbLbv3Cf9H4H7YsBhS7sBIIZ9iY2r0Oikrw11p1VSPDXjgtB/6AYIckJDCRAFEX07rQ==

esbuild-windows-32@0.14.35:
  version "0.14.35"
  resolved "https://registry.npmjs.org/esbuild-windows-32/-/esbuild-windows-32-0.14.35.tgz#494e548ede75cbfdf3e316333a9138386bf55f70"
  integrity sha512-XQgY0pLopKMuRvNsMlc4RuN8wKku4w/LGGhonYEOxibVx/aNMl6vS0P0xbZoUpej4EP8Gras0JihAxigvPqaiA==

esbuild-windows-64@0.14.35:
  version "0.14.35"
  resolved "https://registry.npmjs.org/esbuild-windows-64/-/esbuild-windows-64-0.14.35.tgz#902ac455e5b22dd4ababb0ad1ece8683628557d2"
  integrity sha512-7PaFQb5QDNWQGNmbXBNHewuXq5iDtgTjT3ILif3oGeMd9IVD2hvQ6Twc3s3NDqj5NJFZL1ZK+l9WZ8BZidv7Vw==

esbuild-windows-arm64@0.14.35:
  version "0.14.35"
  resolved "https://registry.npmjs.org/esbuild-windows-arm64/-/esbuild-windows-arm64-0.14.35.tgz#cbe4c64fe3d387b1f60dc103a568c2af97c26bd9"
  integrity sha512-TxVKDkjlRxoCJQpCYS7FbHA249WdCfWKhLhNYk6PtT0CQmD7Ogp51MG7Plx57/jtxE9/aZVOcAf3igGKyGijHw==

esbuild@^0.14.34:
  version "0.14.35"
  resolved "https://registry.npmjs.org/esbuild/-/esbuild-0.14.35.tgz#6061df12cab96c9ce66203ea0dc9196f1e71ddc8"
  integrity sha512-0aeHPwXVVUUo9qOWnu/zILmTexFYE+RJ3o4owjbEUIJuBhLUgL4wBuS94++4+t7sykSABsNyyMZEAZ2r+1qZ4A==
  optionalDependencies:
    esbuild-android-64 "0.14.35"
    esbuild-android-arm64 "0.14.35"
    esbuild-darwin-64 "0.14.35"
    esbuild-darwin-arm64 "0.14.35"
    esbuild-freebsd-64 "0.14.35"
    esbuild-freebsd-arm64 "0.14.35"
    esbuild-linux-32 "0.14.35"
    esbuild-linux-64 "0.14.35"
    esbuild-linux-arm "0.14.35"
    esbuild-linux-arm64 "0.14.35"
    esbuild-linux-mips64le "0.14.35"
    esbuild-linux-ppc64le "0.14.35"
    esbuild-linux-riscv64 "0.14.35"
    esbuild-linux-s390x "0.14.35"
    esbuild-netbsd-64 "0.14.35"
    esbuild-openbsd-64 "0.14.35"
    esbuild-sunos-64 "0.14.35"
    esbuild-windows-32 "0.14.35"
    esbuild-windows-64 "0.14.35"
    esbuild-windows-arm64 "0.14.35"

esbuild@^0.8.52:
  version "0.8.57"
  resolved "https://registry.yarnpkg.com/esbuild/-/esbuild-0.8.57.tgz#a42d02bc2b57c70bcd0ef897fe244766bb6dd926"
  integrity sha512-j02SFrUwFTRUqiY0Kjplwjm1psuzO1d6AjaXKuOR9hrY0HuPsT6sV42B6myW34h1q4CRy+Y3g4RU/cGJeI/nNA==

fsevents@~2.3.1:
  version "2.3.2"
  resolved "https://registry.yarnpkg.com/fsevents/-/fsevents-2.3.2.tgz#8a526f78b8fdf4623b709e0b975c52c24c02fd1a"
  integrity sha512-xiqMQR4xAeHTuB9uWm+fFRcIOgKBMiOBP+eXiyT7jsgVCq1bkVygt00oASowB7EdtpOHaaPgKt812P9ab+DDKA==

function-bind@^1.1.1:
  version "1.1.1"
  resolved "https://registry.yarnpkg.com/function-bind/-/function-bind-1.1.1.tgz#a56899d3ea3c9bab874bb9773b7c5ede92f4895d"
  integrity sha512-yIovAzMX49sF8Yl58fSCWJ5svSLuaibPxXQJFLmBObTuCr0Mf1KiPopGM9NiFjiYBCbfaa2Fh6breQ6ANVTI0A==

has@^1.0.3:
  version "1.0.3"
  resolved "https://registry.yarnpkg.com/has/-/has-1.0.3.tgz#722d7cbfc1f6aa8241f16dd814e011e1f41e8796"
  integrity sha512-f2dvO0VU6Oej7RkWJGrehjbzMAjFp5/VKPp5tTpWIV4JHHZK1/BxbFRtf/siA2SWTe09caDmVtYYzWEIbBS4zw==
  dependencies:
    function-bind "^1.1.1"

is-core-module@^2.2.0:
  version "2.2.0"
  resolved "https://registry.yarnpkg.com/is-core-module/-/is-core-module-2.2.0.tgz#97037ef3d52224d85163f5597b2b63d9afed981a"
  integrity sha512-XRAfAdyyY5F5cOXn7hYQDqh2Xmii+DEfIcQGxK/uNwMHhIkPWO0g8msXcbzLe+MpGoR951MlqM/2iIlU4vKDdQ==
  dependencies:
    has "^1.0.3"

magic-string@^0.25.7:
  version "0.25.7"
  resolved "https://registry.yarnpkg.com/magic-string/-/magic-string-0.25.7.tgz#3f497d6fd34c669c6798dcb821f2ef31f5445051"
  integrity sha512-4CrMT5DOHTDk4HYDlzmwu4FVCcIYI8gauveasrdCu2IKIFOJ3f0v/8MDGJCDL9oD2ppz/Av1b0Nj345H9M+XIA==
  dependencies:
    sourcemap-codec "^1.4.4"

nanoid@^3.1.20:
  version "3.1.21"
  resolved "https://registry.yarnpkg.com/nanoid/-/nanoid-3.1.21.tgz#25bfee7340ac4185866fbfb2c9006d299da1be7f"
  integrity sha512-A6oZraK4DJkAOICstsGH98dvycPr/4GGDH7ZWKmMdd3vGcOurZ6JmWFUt0DA5bzrrn2FrUjmv6mFNWvv8jpppA==

path-parse@^1.0.6:
  version "1.0.6"
  resolved "https://registry.yarnpkg.com/path-parse/-/path-parse-1.0.6.tgz#d62dbb5679405d72c4737ec58600e9ddcf06d24c"
  integrity sha512-GSmOT2EbHrINBf9SR7CDELwlJ8AENk3Qn7OikK4nFYAu3Ote2+JYNVvkpAEQm3/TLNEJFD/xZJjzyxg3KBWOzw==

postcss@^8.2.1:
  version "8.2.8"
  resolved "https://registry.yarnpkg.com/postcss/-/postcss-8.2.8.tgz#0b90f9382efda424c4f0f69a2ead6f6830d08ece"
  integrity sha512-1F0Xb2T21xET7oQV9eKuctbM9S7BC0fetoHCc4H13z0PT6haiRLP4T0ZY4XWh7iLP0usgqykT6p9B2RtOf4FPw==
  dependencies:
    colorette "^1.2.2"
    nanoid "^3.1.20"
    source-map "^0.6.1"

prettier@^2.2.1:
  version "2.2.1"
  resolved "https://registry.yarnpkg.com/prettier/-/prettier-2.2.1.tgz#795a1a78dd52f073da0cd42b21f9c91381923ff5"
  integrity sha512-PqyhM2yCjg/oKkFPtTGUojv7gnZAoG80ttl45O6x2Ug/rMJw4wcc9k6aaf2hibP7BGVCCM33gZoGjyvt9mm16Q==

resolve@^1.19.0:
  version "1.20.0"
  resolved "https://registry.yarnpkg.com/resolve/-/resolve-1.20.0.tgz#629a013fb3f70755d6f0b7935cc1c2c5378b1975"
  integrity sha512-wENBPt4ySzg4ybFQW2TT1zMQucPK95HSh/nq2CFTZVOGut2+pQvSsgtda4d26YrYcr067wjbmzOG8byDPBX63A==
  dependencies:
    is-core-module "^2.2.0"
    path-parse "^1.0.6"

rollup@^2.38.5:
  version "2.41.2"
  resolved "https://registry.yarnpkg.com/rollup/-/rollup-2.41.2.tgz#b7db5cb7c21c2d524e8b26ef39c7e9808a290c7e"
  integrity sha512-6u8fJJXJx6fmvKrAC9DHYZgONvSkz8S9b/VFBjoQ6dkKdHyPpPbpqiNl2Bao9XBzDHpq672X6sGZ9G1ZBqAHMg==
  optionalDependencies:
    fsevents "~2.3.1"

source-map@^0.6.1:
  version "0.6.1"
  resolved "https://registry.yarnpkg.com/source-map/-/source-map-0.6.1.tgz#74722af32e9614e9c287a8d0bbde48b5e2f1a263"
  integrity sha512-UjgapumWlbMhkBgzT7Ykc5YXUT46F0iKu8SGXq0bcwP5dz/h0Plj6enJqjz1Zbq2l5WaqYnrVbwWOWMyF3F47g==

sourcemap-codec@^1.4.4:
  version "1.4.8"
  resolved "https://registry.yarnpkg.com/sourcemap-codec/-/sourcemap-codec-1.4.8.tgz#ea804bd94857402e6992d05a38ef1ae35a9ab4c4"
  integrity sha512-9NykojV5Uih4lgo5So5dtw+f0JgJX30KCNI8gwhz2J9A15wD0Ml6tjHKwf6fTSa6fAdVBdZeNOs9eJ71qCk8vA==

typescript@^4.2.3:
  version "4.2.3"
  resolved "https://registry.yarnpkg.com/typescript/-/typescript-4.2.3.tgz#39062d8019912d43726298f09493d598048c1ce3"
  integrity sha512-qOcYwxaByStAWrBf4x0fibwZvMRG+r4cQoTjbPtUlrWjBHbmCAww1i448U0GJ+3cNNEtebDteo/cHOR3xJ4wEw==

vite@^2.0.5:
  version "2.0.5"
  resolved "https://registry.yarnpkg.com/vite/-/vite-2.0.5.tgz#ac46857a3fa8686d077921e61bd48a986931df1d"
  integrity sha512-QTgEDbq1WsTtr6j+++ewjhBFEk6c8v0xz4fb/OWJQKNYU8ZZtphOshwOqAlnarSstPBtWCBR0tsugXx6ajfoUg==
  dependencies:
    esbuild "^0.8.52"
    postcss "^8.2.1"
    resolve "^1.19.0"
    rollup "^2.38.5"
  optionalDependencies:
    fsevents "~2.3.1"
